
Microsoft Visual Studio Solution File, Format Version 12.00
# Visual Studio 15
Project("{FAE04EC0-301F-11D3-BF4B-00C04F79EFBC}") = "UGFGameDevelopTemplate", "UnityGameFramework.Runtime.csproj", "{6F8C140A-D08D-601A-D8D9-BDF9D4315A65}"
EndProject
Project("{FAE04EC0-301F-11D3-BF4B-00C04F79EFBC}") = "UGFGameDevelopTemplate", "Assembly-CSharp.csproj", "{12DEE246-021F-4A46-A378-70AE75CE8FA5}"
EndProject
Project("{FAE04EC0-301F-11D3-BF4B-00C04F79EFBC}") = "UGFGameDevelopTemplate", "UnityGameFramework.Editor.csproj", "{111CC184-EF7D-0C6B-A865-C5FCA8907FD7}"
EndProject
Project("{FAE04EC0-301F-11D3-BF4B-00C04F79EFBC}") = "UGFGameDevelopTemplate", "Assembly-CSharp-Editor.csproj", "{BC8D8AEE-7937-3790-22EE-41FBB4BC51E2}"
EndProject
Global
	GlobalSection(SolutionConfigurationPlatforms) = preSolution
		Debug|Any CPU = Debug|Any CPU
		Release|Any CPU = Release|Any CPU
	EndGlobalSection
	GlobalSection(ProjectConfigurationPlatforms) = postSolution
		{6F8C140A-D08D-601A-D8D9-BDF9D4315A65}.Debug|Any CPU.ActiveCfg = Debug|Any CPU
		{6F8C140A-D08D-601A-D8D9-BDF9D4315A65}.Debug|Any CPU.Build.0 = Debug|Any CPU
		{6F8C140A-D08D-601A-D8D9-BDF9D4315A65}.Release|Any CPU.ActiveCfg = Release|Any CPU
		{6F8C140A-D08D-601A-D8D9-BDF9D4315A65}.Release|Any CPU.Build.0 = Release|Any CPU
		{12DEE246-021F-4A46-A378-70AE75CE8FA5}.Debug|Any CPU.ActiveCfg = Debug|Any CPU
		{12DEE246-021F-4A46-A378-70AE75CE8FA5}.Debug|Any CPU.Build.0 = Debug|Any CPU
		{12DEE246-021F-4A46-A378-70AE75CE8FA5}.Release|Any CPU.ActiveCfg = Release|Any CPU
		{12DEE246-021F-4A46-A378-70AE75CE8FA5}.Release|Any CPU.Build.0 = Release|Any CPU
		{111CC184-EF7D-0C6B-A865-C5FCA8907FD7}.Debug|Any CPU.ActiveCfg = Debug|Any CPU
		{111CC184-EF7D-0C6B-A865-C5FCA8907FD7}.Debug|Any CPU.Build.0 = Debug|Any CPU
		{111CC184-EF7D-0C6B-A865-C5FCA8907FD7}.Release|Any CPU.ActiveCfg = Release|Any CPU
		{111CC184-EF7D-0C6B-A865-C5FCA8907FD7}.Release|Any CPU.Build.0 = Release|Any CPU
		{BC8D8AEE-7937-3790-22EE-41FBB4BC51E2}.Debug|Any CPU.ActiveCfg = Debug|Any CPU
		{BC8D8AEE-7937-3790-22EE-41FBB4BC51E2}.Debug|Any CPU.Build.0 = Debug|Any CPU
		{BC8D8AEE-7937-3790-22EE-41FBB4BC51E2}.Release|Any CPU.ActiveCfg = Release|Any CPU
		{BC8D8AEE-7937-3790-22EE-41FBB4BC51E2}.Release|Any CPU.Build.0 = Release|Any CPU
	EndGlobalSection
	GlobalSection(SolutionProperties) = preSolution
		HideSolutionNode = FALSE
	EndGlobalSection
EndGlobal
